
Microsoft Visual Studio Solution File, Format Version 12.00
# Visual Studio Version 17
VisualStudioVersion = 17.6.33723.286
MinimumVisualStudioVersion = 10.0.40219.1
Project("{FAE04EC0-301F-11D3-BF4B-00C04F79EFBC}") = "Testing", "Testing\Testing.csproj", "{DBD83D7A-CD08-415A-B2F8-31A9520ECDB1}"
EndProject
Global
	GlobalSection(SolutionConfigurationPlatforms) = preSolution
		Debug|Any CPU = Debug|Any CPU
		Release|Any CPU = Release|Any CPU
	EndGlobalSection
	GlobalSection(ProjectConfigurationPlatforms) = postSolution
		{DBD83D7A-CD08-415A-B2F8-31A9520ECDB1}.Debug|Any CPU.ActiveCfg = Debug|Any CPU
		{DBD83D7A-CD08-415A-B2F8-31A9520ECDB1}.Debug|Any CPU.Build.0 = Debug|Any CPU
		{DBD83D7A-CD08-415A-B2F8-31A9520ECDB1}.Release|Any CPU.ActiveCfg = Release|Any CPU
		{DBD83D7A-CD08-415A-B2F8-31A9520ECDB1}.Release|Any CPU.Build.0 = Release|Any CPU
	EndGlobalSection
	GlobalSection(SolutionProperties) = preSolution
		HideSolutionNode = FALSE
	EndGlobalSection
	GlobalSection(ExtensibilityGlobals) = postSolution
		SolutionGuid = {D6A66048-31BF-4664-AD7D-04A2C5A66027}
	EndGlobalSection
EndGlobal
